github.com/wzshiming/cache v0.0.0-20171220122851-ae83cd3c4aa0 h1:GvjnLwpE5q9JOpZK3QYblSXjwxzJGCSfm3DsjHzo3No=
github.com/wzshiming/cache v0.0.0-20171220122851-ae83cd3c4aa0/go.mod h1:hIevuEmfei5r+fMJbm52dhBg3jvnBy0IeLFGJnWPTeo=
github.com/wzshiming/fork v0.0.0-20191212125603-a884e312d3a0 h1:2BdWkSs8aG9nAKvR7RHByJ3NaiMG5wzvfhtdgOjey4A=
github.com/wzshiming/fork v0.0.0-20191212125603-a884e312d3a0/go.mod h1:QKfsDm7LcYzRzNJjHLyy7Seir7QlLl0VZ2jqZcKtQak=
github.com/wzshiming/llrb v1.0.1 h1:nTvdOpceAZkSyufIUq81flNDa9Vyqfb27/lN2OeOmSM=
github.com/wzshiming/llrb v1.0.1/go.mod h1:BzzYySva0xoyBoMWvgZ5SHQWVSRv72/kPt88u/2InZI=
github.com/wzshiming/task v2.2.1+incompatible h1:FJZpGfKxtpcaXZXJ1nwt8+8Lxnnv7WDxnd/WvyMuKO0=
github.com/wzshiming/task v2.2.1+incompatible/go.mod h1:G4CXas2NSgDyNLJuX1I81aY5RBpwyAl28Uv1JYMy/MY=
gopkg.in/ffmt.v1 v1.5.6 h1:4Bu3riZp5sAIXW2T/18JM9BkwJLodurXFR0f7PXp+cw=
gopkg.in/ffmt.v1 v1.5.6/go.mod h1:LssvGOZFiBGoBcobkTqnyh+uN1VzIRoibW+c0JI/Ha4=
